Microsoft Visual Studio Solution File, Format Version 12.00
# Visual Studio Version 17
VisualStudioVersion = 17.5.2.0
MinimumVisualStudioVersion = 10.0.40219.1
Project("{FAE04EC0-301F-11D3-BF4B-00C04F79EFBC}") = "simple-note-app-api", "simple-note-app-api.csproj", "{44A09493-7E72-9118-2049-34B255EEDDAA}"
EndProject
Global
	GlobalSection(SolutionConfigurationPlatforms) = preSolution
		Debug|Any CPU = Debug|Any CPU
		Release|Any CPU = Release|Any CPU
	EndGlobalSection
	GlobalSection(ProjectConfigurationPlatforms) = postSolution
		{44A09493-7E72-9118-2049-34B255EEDDAA}.Debug|Any CPU.ActiveCfg = Debug|Any CPU
		{44A09493-7E72-9118-2049-34B255EEDDAA}.Debug|Any CPU.Build.0 = Debug|Any CPU
		{44A09493-7E72-9118-2049-34B255EEDDAA}.Release|Any CPU.ActiveCfg = Release|Any CPU
		{44A09493-7E72-9118-2049-34B255EEDDAA}.Release|Any CPU.Build.0 = Release|Any CPU
	EndGlobalSection
	GlobalSection(SolutionProperties) = preSolution
		HideSolutionNode = FALSE
	EndGlobalSection
	GlobalSection(ExtensibilityGlobals) = postSolution
		SolutionGuid = {C16BBB73-1868-474F-88F8-1A3644184CA1}
	EndGlobalSection
EndGlobal
